// !$*UTF8*$!
{
	archiveVersion = 1;
	classes = {
	};
	objectVersion = 55;
	objects = {

/* Begin PBXBuildFile section */
		015EC4482892C8810072D520 /* LoginViewController.swift in Sources */ = {isa = PBXBuildFile; fileRef = 015EC4462892C8810072D520 /* LoginViewController.swift */; };
		015EC4492892C8810072D520 /* LoginViewController.xib in Resources */ = {isa = PBXBuildFile; fileRef = 015EC4472892C8810072D520 /* LoginViewController.xib */; };
		0178129C28A56DA300E1EB27 /* Transaction.swift in Sources */ = {isa = PBXBuildFile; fileRef = 0178129B28A56DA300E1EB27 /* Transaction.swift */; };
		01F8022A28A5359C00976A9C /* HomeViewController.swift in Sources */ = {isa = PBXBuildFile; fileRef = 01F8022828A5359C00976A9C /* HomeViewController.swift */; };
		01F8022B28A5359C00976A9C /* HomeViewController.xib in Resources */ = {isa = PBXBuildFile; fileRef = 01F8022928A5359C00976A9C /* HomeViewController.xib */; };
		01F8023028A547FB00976A9C /* TransactionHistoryTableViewCell.swift in Sources */ = {isa = PBXBuildFile; fileRef = 01F8022E28A547FB00976A9C /* TransactionHistoryTableViewCell.swift */; };
		01F8023128A547FB00976A9C /* TransactionHistoryTableViewCell.xib in Resources */ = {isa = PBXBuildFile; fileRef = 01F8022F28A547FB00976A9C /* TransactionHistoryTableViewCell.xib */; };
		BDB55762288AC385006898EC /* AppDelegate.swift in Sources */ = {isa = PBXBuildFile; fileRef = BDB55761288AC385006898EC /* AppDelegate.swift */; };
		BDB55764288AC385006898EC /* SceneDelegate.swift in Sources */ = {isa = PBXBuildFile; fileRef = BDB55763288AC385006898EC /* SceneDelegate.swift */; };
		BDB55766288AC385006898EC /* ViewController.swift in Sources */ = {isa = PBXBuildFile; fileRef = BDB55765288AC385006898EC /* ViewController.swift */; };
		BDB55769288AC385006898EC /* Main.storyboard in Resources */ = {isa = PBXBuildFile; fileRef = BDB55767288AC385006898EC /* Main.storyboard */; };
		BDB5576B288AC387006898EC /* Assets.xcassets in Resources */ = {isa = PBXBuildFile; fileRef = BDB5576A288AC387006898EC /* Assets.xcassets */; };
		BDB5576E288AC387006898EC /* LaunchScreen.storyboard in Resources */ = {isa = PBXBuildFile; fileRef = BDB5576C288AC387006898EC /* LaunchScreen.storyboard */; };
		BDB55779288AC387006898EC /* Funios_BoardTests.swift in Sources */ = {isa = PBXBuildFile; fileRef = BDB55778288AC387006898EC /* Funios_BoardTests.swift */; };
		BDB55783288AC387006898EC /* Funios_BoardUITests.swift in Sources */ = {isa = PBXBuildFile; fileRef = BDB55782288AC387006898EC /* Funios_BoardUITests.swift */; };
		BDB55785288AC387006898EC /* Funios_BoardUITestsLaunchTests.swift in Sources */ = {isa = PBXBuildFile; fileRef = BDB55784288AC387006898EC /* Funios_BoardUITestsLaunchTests.swift */; };
/* End PBXBuildFile section */

/* Begin PBXContainerItemProxy section */
		BDB55775288AC387006898EC /* PBXContainerItemProxy */ = {
			isa = PBXContainerItemProxy;
			containerPortal = BDB55756288AC385006898EC /* Project object */;
			proxyType = 1;
			remoteGlobalIDString = BDB5575D288AC385006898EC;
			remoteInfo = "Funios-Board";
		};
		BDB5577F288AC387006898EC /* PBXContainerItemProxy */ = {
			isa = PBXContainerItemProxy;
			containerPortal = BDB55756288AC385006898EC /* Project object */;
			proxyType = 1;
			remoteGlobalIDString = BDB5575D288AC385006898EC;
			remoteInfo = "Funios-Board";
		};
/* End PBXContainerItemProxy section */

/* Begin PBXFileReference section */
		015EC4462892C8810072D520 /* LoginViewController.swift */ = {isa = PBXFileReference; lastKnownFileType = sourcecode.swift; path = LoginViewController.swift; sourceTree = "<group>"; };
		015EC4472892C8810072D520 /* LoginViewController.xib */ = {isa = PBXFileReference; lastKnownFileType = file.xib; path = LoginViewController.xib; sourceTree = "<group>"; };
		0178129B28A56DA300E1EB27 /* Transaction.swift */ = {isa = PBXFileReference; lastKnownFileType = sourcecode.swift; path = Transaction.swift; sourceTree = "<group>"; };
		01F8022828A5359C00976A9C /* HomeViewController.swift */ = {isa = PBXFileReference; lastKnownFileType = sourcecode.swift; path = HomeViewController.swift; sourceTree = "<group>"; };
		01F8022928A5359C00976A9C /* HomeViewController.xib */ = {isa = PBXFileReference; lastKnownFileType = file.xib; path = HomeViewController.xib; sourceTree = "<group>"; };
		01F8022E28A547FB00976A9C /* TransactionHistoryTableViewCell.swift */ = {isa = PBXFileReference; lastKnownFileType = sourcecode.swift; path = TransactionHistoryTableViewCell.swift; sourceTree = "<group>"; };
		01F8022F28A547FB00976A9C /* TransactionHistoryTableViewCell.xib */ = {isa = PBXFileReference; lastKnownFileType = file.xib; path = TransactionHistoryTableViewCell.xib; sourceTree = "<group>"; };
		BDB5575E288AC385006898EC /* Funios-Board.app */ = {isa = PBXFileReference; explicitFileType = wrapper.application; includeInIndex = 0; path = "Funios-Board.app"; sourceTree = BUILT_PRODUCTS_DIR; };
		BDB55761288AC385006898EC /* AppDelegate.swift */ = {isa = PBXFileReference; lastKnownFileType = sourcecode.swift; path = AppDelegate.swift; sourceTree = "<group>"; };
		BDB55763288AC385006898EC /* SceneDelegate.swift */ = {isa = PBXFileReference; lastKnownFileType = sourcecode.swift; path = SceneDelegate.swift; sourceTree = "<group>"; };
		BDB55765288AC385006898EC /* ViewController.swift */ = {isa = PBXFileReference; lastKnownFileType = sourcecode.swift; path = ViewController.swift; sourceTree = "<group>"; };
		BDB55768288AC385006898EC /* Base */ = {isa = PBXFileReference; lastKnownFileType = file.storyboard; name = Base; path = Base.lproj/Main.storyboard; sourceTree = "<group>"; };
		BDB5576A288AC387006898EC /* Assets.xcassets */ = {isa = PBXFileReference; lastKnownFileType = folder.assetcatalog; path = Assets.xcassets; sourceTree = "<group>"; };
		BDB5576D288AC387006898EC /* Base */ = {isa = PBXFileReference; lastKnownFileType = file.storyboard; name = Base; path = Base.lproj/LaunchScreen.storyboard; sourceTree = "<group>"; };
		BDB5576F288AC387006898EC /* Info.plist */ = {isa = PBXFileReference; lastKnownFileType = text.plist.xml; path = Info.plist; sourceTree = "<group>"; };
		BDB55774288AC387006898EC /* Funios-BoardTests.xctest */ = {isa = PBXFileReference; explicitFileType = wrapper.cfbundle; includeInIndex = 0; path = "Funios-BoardTests.xctest"; sourceTree = BUILT_PRODUCTS_DIR; };
		BDB55778288AC387006898EC /* Funios_BoardTests.swift */ = {isa = PBXFileReference; lastKnownFileType = sourcecode.swift; path = Funios_BoardTests.swift; sourceTree = "<group>"; };
		BDB5577E288AC387006898EC /* Funios-BoardUITests.xctest */ = {isa = PBXFileReference; explicitFileType = wrapper.cfbundle; includeInIndex = 0; path = "Funios-BoardUITests.xctest"; sourceTree = BUILT_PRODUCTS_DIR; };
		BDB55782288AC387006898EC /* Funios_BoardUITests.swift */ = {isa = PBXFileReference; lastKnownFileType = sourcecode.swift; path = Funios_BoardUITests.swift; sourceTree = "<group>"; };
		BDB55784288AC387006898EC /* Funios_BoardUITestsLaunchTests.swift */ = {isa = PBXFileReference; lastKnownFileType = sourcecode.swift; path = Funios_BoardUITestsLaunchTests.swift; sourceTree = "<group>"; };
/* End PBXFileReference section */

/* Begin PBXFrameworksBuildPhase section */
		BDB5575B288AC385006898EC /* Frameworks */ = {
			isa = PBXFrameworksBuildPhase;
			buildActionMask = 2147483647;
			files = (
			);
			runOnlyForDeploymentPostprocessing = 0;
		};
		BDB55771288AC387006898EC /* Frameworks */ = {
			isa = PBXFrameworksBuildPhase;
			buildActionMask = 2147483647;
			files = (
			);
			runOnlyForDeploymentPostprocessing = 0;
		};
		BDB5577B288AC387006898EC /* Frameworks */ = {
			isa = PBXFrameworksBuildPhase;
			buildActionMask = 2147483647;
			files = (
			);
			runOnlyForDeploymentPostprocessing = 0;
		};
/* End PBXFrameworksBuildPhase section */

/* Begin PBXGroup section */
		015EC4452892C8660072D520 /* Login */ = {
			isa = PBXGroup;
			children = (
				015EC4462892C8810072D520 /* LoginViewController.swift */,
				015EC4472892C8810072D520 /* LoginViewController.xib */,
			);
			path = Login;
			sourceTree = "<group>";
		};
		0178129A28A56D7100E1EB27 /* Model */ = {
			isa = PBXGroup;
			children = (
				0178129B28A56DA300E1EB27 /* Transaction.swift */,
			);
			path = Model;
			sourceTree = "<group>";
		};
		01F8022728A5358B00976A9C /* Home */ = {
			isa = PBXGroup;
			children = (
				01F8022D28A547E900976A9C /* TransactionHistoryTableViewCell */,
				01F8022828A5359C00976A9C /* HomeViewController.swift */,
				01F8022928A5359C00976A9C /* HomeViewController.xib */,
			);
			path = Home;
			sourceTree = "<group>";
		};
		01F8022D28A547E900976A9C /* TransactionHistoryTableViewCell */ = {
			isa = PBXGroup;
			children = (
				01F8022E28A547FB00976A9C /* TransactionHistoryTableViewCell.swift */,
				01F8022F28A547FB00976A9C /* TransactionHistoryTableViewCell.xib */,
			);
			path = TransactionHistoryTableViewCell;
			sourceTree = "<group>";
		};
		BDB55755288AC385006898EC = {
			isa = PBXGroup;
			children = (
				BDB55760288AC385006898EC /* Funios-Board */,
				BDB55777288AC387006898EC /* Funios-BoardTests */,
				BDB55781288AC387006898EC /* Funios-BoardUITests */,
				BDB5575F288AC385006898EC /* Products */,
			);
			sourceTree = "<group>";
		};
		BDB5575F288AC385006898EC /* Products */ = {
			isa = PBXGroup;
			children = (
				BDB5575E288AC385006898EC /* Funios-Board.app */,
				BDB55774288AC387006898EC /* Funios-BoardTests.xctest */,
				BDB5577E288AC387006898EC /* Funios-BoardUITests.xctest */,
			);
			name = Products;
			sourceTree = "<group>";
		};
		BDB55760288AC385006898EC /* Funios-Board */ = {
			isa = PBXGroup;
			children = (
				0178129A28A56D7100E1EB27 /* Model */,
				01F8022728A5358B00976A9C /* Home */,
				015EC4452892C8660072D520 /* Login */,
				BDB55761288AC385006898EC /* AppDelegate.swift */,
				BDB55763288AC385006898EC /* SceneDelegate.swift */,
				BDB55765288AC385006898EC /* ViewController.swift */,
				BDB55767288AC385006898EC /* Main.storyboard */,
				BDB5576A288AC387006898EC /* Assets.xcassets */,
				BDB5576C288AC387006898EC /* LaunchScreen.storyboard */,
				BDB5576F288AC387006898EC /* Info.plist */,
			);
			path = "Funios-Board";
			sourceTree = "<group>";
		};
		BDB55777288AC387006898EC /* Funios-BoardTests */ = {
			isa = PBXGroup;
			children = (
				BDB55778288AC387006898EC /* Funios_BoardTests.swift */,
			);
			path = "Funios-BoardTests";
			sourceTree = "<group>";
		};
		BDB55781288AC387006898EC /* Funios-BoardUITests */ = {
			isa = PBXGroup;
			children = (
				BDB55782288AC387006898EC /* Funios_BoardUITests.swift */,
				BDB55784288AC387006898EC /* Funios_BoardUITestsLaunchTests.swift */,
			);
			path = "Funios-BoardUITests";
			sourceTree = "<group>";
		};
/* End PBXGroup section */

/* Begin PBXNativeTarget section */
		BDB5575D288AC385006898EC /* Funios-Board */ = {
			isa = PBXNativeTarget;
			buildConfigurationList = BDB55788288AC387006898EC /* Build configuration list for PBXNativeTarget "Funios-Board" */;
			buildPhases = (
				BDB5575A288AC385006898EC /* Sources */,
				BDB5575B288AC385006898EC /* Frameworks */,
				BDB5575C288AC385006898EC /* Resources */,
			);
			buildRules = (
			);
			dependencies = (
			);
			name = "Funios-Board";
			productName = "Funios-Board";
			productReference = BDB5575E288AC385006898EC /* Funios-Board.app */;
			productType = "com.apple.product-type.application";
		};
		BDB55773288AC387006898EC /* Funios-BoardTests */ = {
			isa = PBXNativeTarget;
			buildConfigurationList = BDB5578B288AC387006898EC /* Build configuration list for PBXNativeTarget "Funios-BoardTests" */;
			buildPhases = (
				BDB55770288AC387006898EC /* Sources */,
				BDB55771288AC387006898EC /* Frameworks */,
				BDB55772288AC387006898EC /* Resources */,
			);
			buildRules = (
			);
			dependencies = (
				BDB55776288AC387006898EC /* PBXTargetDependency */,
			);
			name = "Funios-BoardTests";
			productName = "Funios-BoardTests";
			productReference = BDB55774288AC387006898EC /* Funios-BoardTests.xctest */;
			productType = "com.apple.product-type.bundle.unit-test";
		};
		BDB5577D288AC387006898EC /* Funios-BoardUITests */ = {
			isa = PBXNativeTarget;
			buildConfigurationList = BDB5578E288AC387006898EC /* Build configuration list for PBXNativeTarget "Funios-BoardUITests" */;
			buildPhases = (
				BDB5577A288AC387006898EC /* Sources */,
				BDB5577B288AC387006898EC /* Frameworks */,
				BDB5577C288AC387006898EC /* Resources */,
			);
			buildRules = (
			);
			dependencies = (
				BDB55780288AC387006898EC /* PBXTargetDependency */,
			);
			name = "Funios-BoardUITests";
			productName = "Funios-BoardUITests";
			productReference = BDB5577E288AC387006898EC /* Funios-BoardUITests.xctest */;
			productType = "com.apple.product-type.bundle.ui-testing";
		};
/* End PBXNativeTarget section */

/* Begin PBXProject section */
		BDB55756288AC385006898EC /* Project object */ = {
			isa = PBXProject;
			attributes = {
				BuildIndependentTargetsInParallel = 1;
				LastSwiftUpdateCheck = 1340;
				LastUpgradeCheck = 1340;
				TargetAttributes = {
					BDB5575D288AC385006898EC = {
						CreatedOnToolsVersion = 13.4;
					};
					BDB55773288AC387006898EC = {
						CreatedOnToolsVersion = 13.4;
						TestTargetID = BDB5575D288AC385006898EC;
					};
					BDB5577D288AC387006898EC = {
						CreatedOnToolsVersion = 13.4;
						TestTargetID = BDB5575D288AC385006898EC;
					};
				};
			};
			buildConfigurationList = BDB55759288AC385006898EC /* Build configuration list for PBXProject "Funios-Board" */;
			compatibilityVersion = "Xcode 13.0";
			developmentRegion = en;
			hasScannedForEncodings = 0;
			knownRegions = (
				en,
				Base,
			);
			mainGroup = BDB55755288AC385006898EC;
			productRefGroup = BDB5575F288AC385006898EC /* Products */;
			projectDirPath = "";
			projectRoot = "";
			targets = (
				BDB5575D288AC385006898EC /* Funios-Board */,
				BDB55773288AC387006898EC /* Funios-BoardTests */,
				BDB5577D288AC387006898EC /* Funios-BoardUITests */,
			);
		};
/* End PBXProject section */

/* Begin PBXResourcesBuildPhase section */
		BDB5575C288AC385006898EC /* Resources */ = {
			isa = PBXResourcesBuildPhase;
			buildActionMask = 2147483647;
			files = (
				015EC4492892C8810072D520 /* LoginViewController.xib in Resources */,
				BDB5576E288AC387006898EC /* LaunchScreen.storyboard in Resources */,
				01F8022B28A5359C00976A9C /* HomeViewController.xib in Resources */,
				01F8023128A547FB00976A9C /* TransactionHistoryTableViewCell.xib in Resources */,
				BDB5576B288AC387006898EC /* Assets.xcassets in Resources */,
				BDB55769288AC385006898EC /* Main.storyboard in Resources */,
			);
			runOnlyForDeploymentPostprocessing = 0;
		};
		BDB55772288AC387006898EC /* Resources */ = {
			isa = PBXResourcesBuildPhase;
			buildActionMask = 2147483647;
			files = (
			);
			runOnlyForDeploymentPostprocessing = 0;
		};
		BDB5577C288AC387006898EC /* Resources */ = {
			isa = PBXResourcesBuildPhase;
			buildActionMask = 2147483647;
			files = (
			);
			runOnlyForDeploymentPostprocessing = 0;
		};
/* End PBXResourcesBuildPhase section */

/* Begin PBXSourcesBuildPhase section */
		BDB5575A288AC385006898EC /* Sources */ = {
			isa = PBXSourcesBuildPhase;
			buildActionMask = 2147483647;
			files = (
				0178129C28A56DA300E1EB27 /* Transaction.swift in Sources */,
				01F8022A28A5359C00976A9C /* HomeViewController.swift in Sources */,
				015EC4482892C8810072D520 /* LoginViewController.swift in Sources */,
				BDB55766288AC385006898EC /* ViewController.swift in Sources */,
				BDB55762288AC385006898EC /* AppDelegate.swift in Sources */,
				BDB55764288AC385006898EC /* SceneDelegate.swift in Sources */,
				01F8023028A547FB00976A9C /* TransactionHistoryTableViewCell.swift in Sources */,
			);
			runOnlyForDeploymentPostprocessing = 0;
		};
		BDB55770288AC387006898EC /* Sources */ = {
			isa = PBXSourcesBuildPhase;
			buildActionMask = 2147483647;
			files = (
				BDB55779288AC387006898EC /* Funios_BoardTests.swift in Sources */,
			);
			runOnlyForDeploymentPostprocessing = 0;
		};
		BDB5577A288AC387006898EC /* Sources */ = {
			isa = PBXSourcesBuildPhase;
			buildActionMask = 2147483647;
			files = (
				BDB55783288AC387006898EC /* Funios_BoardUITests.swift in Sources */,
				BDB55785288AC387006898EC /* Funios_BoardUITestsLaunchTests.swift in Sources */,
			);
			runOnlyForDeploymentPostprocessing = 0;
		};
/* End PBXSourcesBuildPhase section */

/* Begin PBXTargetDependency section */
		BDB55776288AC387006898EC /* PBXTargetDependency */ = {
			isa = PBXTargetDependency;
			target = BDB5575D288AC385006898EC /* Funios-Board */;
			targetProxy = BDB55775288AC387006898EC /* PBXContainerItemProxy */;
		};
		BDB55780288AC387006898EC /* PBXTargetDependency */ = {
			isa = PBXTargetDependency;
			target = BDB5575D288AC385006898EC /* Funios-Board */;
			targetProxy = BDB5577F288AC387006898EC /* PBXContainerItemProxy */;
		};
/* End PBXTargetDependency section */

/* Begin PBXVariantGroup section */
		BDB55767288AC385006898EC /* Main.storyboard */ = {
			isa = PBXVariantGroup;
			children = (
				BDB55768288AC385006898EC /* Base */,
			);
			name = Main.storyboard;
			sourceTree = "<group>";
		};
		BDB5576C288AC387006898EC /* LaunchScreen.storyboard */ = {
			isa = PBXVariantGroup;
			children = (
				BDB5576D288AC387006898EC /* Base */,
			);
			name = LaunchScreen.storyboard;
			sourceTree = "<group>";
		};
/* End PBXVariantGroup section */

/* Begin XCBuildConfiguration section */
		BDB55786288AC387006898EC /* Debug */ = {
			isa = XCBuildConfiguration;
			buildSettings = {
				ALWAYS_SEARCH_USER_PATHS = NO;
				CLANG_ANALYZER_NONNULL = YES;
				CLANG_ANALYZER_NUMBER_OBJECT_CONVERSION = YES_AGGRESSIVE;
				CLANG_CXX_LANGUAGE_STANDARD = "gnu++17";
				CLANG_ENABLE_MODULES = YES;
				CLANG_ENABLE_OBJC_ARC = YES;
				CLANG_ENABLE_OBJC_WEAK = YES;
				CLANG_WARN_BLOCK_CAPTURE_AUTORELEASING = YES;
				CLANG_WARN_BOOL_CONVERSION = YES;
				CLANG_WARN_COMMA = YES;
				CLANG_WARN_CONSTANT_CONVERSION = YES;
				CLANG_WARN_DEPRECATED_OBJC_IMPLEMENTATIONS = YES;
				CLANG_WARN_DIRECT_OBJC_ISA_USAGE = YES_ERROR;
				CLANG_WARN_DOCUMENTATION_COMMENTS = YES;
				CLANG_WARN_EMPTY_BODY = YES;
				CLANG_WARN_ENUM_CONVERSION = YES;
				CLANG_WARN_INFINITE_RECURSION = YES;
				CLANG_WARN_INT_CONVERSION = YES;
				CLANG_WARN_NON_LITERAL_NULL_CONVERSION = YES;
				CLANG_WARN_OBJC_IMPLICIT_RETAIN_SELF = YES;
				CLANG_WARN_OBJC_LITERAL_CONVERSION = YES;
				CLANG_WARN_OBJC_ROOT_CLASS = YES_ERROR;
				CLANG_WARN_QUOTED_INCLUDE_IN_FRAMEWORK_HEADER = YES;
				CLANG_WARN_RANGE_LOOP_ANALYSIS = YES;
				CLANG_WARN_STRICT_PROTOTYPES = YES;
				CLANG_WARN_SUSPICIOUS_MOVE = YES;
				CLANG_WARN_UNGUARDED_AVAILABILITY = YES_AGGRESSIVE;
				CLANG_WARN_UNREACHABLE_CODE = YES;
				CLANG_WARN__DUPLICATE_METHOD_MATCH = YES;
				COPY_PHASE_STRIP = NO;
				DEBUG_INFORMATION_FORMAT = dwarf;
				ENABLE_STRICT_OBJC_MSGSEND = YES;
				ENABLE_TESTABILITY = YES;
				GCC_C_LANGUAGE_STANDARD = gnu11;
				GCC_DYNAMIC_NO_PIC = NO;
				GCC_NO_COMMON_BLOCKS = YES;
				GCC_OPTIMIZATION_LEVEL = 0;
				GCC_PREPROCESSOR_DEFINITIONS = (
					"DEBUG=1",
					"$(inherited)",
				);
				GCC_WARN_64_TO_32_BIT_CONVERSION = YES;
				GCC_WARN_ABOUT_RETURN_TYPE = YES_ERROR;
				GCC_WARN_UNDECLARED_SELECTOR = YES;
				GCC_WARN_UNINITIALIZED_AUTOS = YES_AGGRESSIVE;
				GCC_WARN_UNUSED_FUNCTION = YES;
				GCC_WARN_UNUSED_VARIABLE = YES;
				IPHONEOS_DEPLOYMENT_TARGET = 15.5;
				MTL_ENABLE_DEBUG_INFO = INCLUDE_SOURCE;
				MTL_FAST_MATH = YES;
				ONLY_ACTIVE_ARCH = YES;
				SDKROOT = iphoneos;
				SWIFT_ACTIVE_COMPILATION_CONDITIONS = DEBUG;
				SWIFT_OPTIMIZATION_LEVEL = "-Onone";
			};
			name = Debug;
		};
		BDB55787288AC387006898EC /* Release */ = {
			isa = XCBuildConfiguration;
			buildSettings = {
				ALWAYS_SEARCH_USER_PATHS = NO;
				CLANG_ANALYZER_NONNULL = YES;
				CLANG_ANALYZER_NUMBER_OBJECT_CONVERSION = YES_AGGRESSIVE;
				CLANG_CXX_LANGUAGE_STANDARD = "gnu++17";
				CLANG_ENABLE_MODULES = YES;
				CLANG_ENABLE_OBJC_ARC = YES;
				CLANG_ENABLE_OBJC_WEAK = YES;
				CLANG_WARN_BLOCK_CAPTURE_AUTORELEASING = YES;
				CLANG_WARN_BOOL_CONVERSION = YES;
				CLANG_WARN_COMMA = YES;
				CLANG_WARN_CONSTANT_CONVERSION = YES;
				CLANG_WARN_DEPRECATED_OBJC_IMPLEMENTATIONS = YES;
				CLANG_WARN_DIRECT_OBJC_ISA_USAGE = YES_ERROR;
				CLANG_WARN_DOCUMENTATION_COMMENTS = YES;
				CLANG_WARN_EMPTY_BODY = YES;
				CLANG_WARN_ENUM_CONVERSION = YES;
				CLANG_WARN_INFINITE_RECURSION = YES;
				CLANG_WARN_INT_CONVERSION = YES;
				CLANG_WARN_NON_LITERAL_NULL_CONVERSION = YES;
				CLANG_WARN_OBJC_IMPLICIT_RETAIN_SELF = YES;
				CLANG_WARN_OBJC_LITERAL_CONVERSION = YES;
				CLANG_WARN_OBJC_ROOT_CLASS = YES_ERROR;
				CLANG_WARN_QUOTED_INCLUDE_IN_FRAMEWORK_HEADER = YES;
				CLANG_WARN_RANGE_LOOP_ANALYSIS = YES;
				CLANG_WARN_STRICT_PROTOTYPES = YES;
				CLANG_WARN_SUSPICIOUS_MOVE = YES;
				CLANG_WARN_UNGUARDED_AVAILABILITY = YES_AGGRESSIVE;
				CLANG_WARN_UNREACHABLE_CODE = YES;
				CLANG_WARN__DUPLICATE_METHOD_MATCH = YES;
				COPY_PHASE_STRIP = NO;
				DEBUG_INFORMATION_FORMAT = "dwarf-with-dsym";
				ENABLE_NS_ASSERTIONS = NO;
				ENABLE_STRICT_OBJC_MSGSEND = YES;
				GCC_C_LANGUAGE_STANDARD = gnu11;
				GCC_NO_COMMON_BLOCKS = YES;
				GCC_WARN_64_TO_32_BIT_CONVERSION = YES;
				GCC_WARN_ABOUT_RETURN_TYPE = YES_ERROR;
				GCC_WARN_UNDECLARED_SELECTOR = YES;
				GCC_WARN_UNINITIALIZED_AUTOS = YES_AGGRESSIVE;
				GCC_WARN_UNUSED_FUNCTION = YES;
				GCC_WARN_UNUSED_VARIABLE = YES;
				IPHONEOS_DEPLOYMENT_TARGET = 15.5;
				MTL_ENABLE_DEBUG_INFO = NO;
				MTL_FAST_MATH = YES;
				SDKROOT = iphoneos;
				SWIFT_COMPILATION_MODE = wholemodule;
				SWIFT_OPTIMIZATION_LEVEL = "-O";
				VALIDATE_PRODUCT = YES;
			};
			name = Release;
		};
		BDB55789288AC387006898EC /* Debug */ = {
			isa = XCBuildConfiguration;
			buildSettings = {
				ASSETCATALOG_COMPILER_APPICON_NAME = AppIcon;
				ASSETCATALOG_COMPILER_GLOBAL_ACCENT_COLOR_NAME = AccentColor;
				CODE_SIGN_STYLE = Automatic;
				CURRENT_PROJECT_VERSION = 1;
				GENERATE_INFOPLIST_FILE = YES;
				INFOPLIST_FILE = "Funios-Board/Info.plist";
				INFOPLIST_KEY_UIApplicationSupportsIndirectInputEvents = YES;
				INFOPLIST_KEY_UILaunchStoryboardName = LaunchScreen;
				INFOPLIST_KEY_UISupportedInterfaceOrientations_iPad = "UIInterfaceOrientationPortrait UIInterfaceOrientationPortraitUpsideDown UIInterfaceOrientationLandscapeLeft UIInterfaceOrientationLandscapeRight";
				INFOPLIST_KEY_UISupportedInterfaceOrientations_iPhone = "UIInterfaceOrientationPortrait UIInterfaceOrientationLandscapeLeft UIInterfaceOrientationLandscapeRight";
				LD_RUNPATH_SEARCH_PATHS = (
					"$(inherited)",
					"@executable_path/Frameworks",
				);
				MARKETING_VERSION = 1.0;
				PRODUCT_BUNDLE_IDENTIFIER = "com.Funios-Board";
				PRODUCT_NAME = "$(TARGET_NAME)";
				SWIFT_EMIT_LOC_STRINGS = YES;
				SWIFT_VERSION = 5.0;
				TARGETED_DEVICE_FAMILY = "1,2";
			};
			name = Debug;
		};
		BDB5578A288AC387006898EC /* Release */ = {
			isa = XCBuildConfiguration;
			buildSettings = {
				ASSETCATALOG_COMPILER_APPICON_NAME = AppIcon;
				ASSETCATALOG_COMPILER_GLOBAL_ACCENT_COLOR_NAME = AccentColor;
				CODE_SIGN_STYLE = Automatic;
				CURRENT_PROJECT_VERSION = 1;
				GENERATE_INFOPLIST_FILE = YES;
				INFOPLIST_FILE = "Funios-Board/Info.plist";
				INFOPLIST_KEY_UIApplicationSupportsIndirectInputEvents = YES;
				INFOPLIST_KEY_UILaunchStoryboardName = LaunchScreen;
				INFOPLIST_KEY_UISupportedInterfaceOrientations_iPad = "UIInterfaceOrientationPortrait UIInterfaceOrientationPortraitUpsideDown UIInterfaceOrientationLandscapeLeft UIInterfaceOrientationLandscapeRight";
				INFOPLIST_KEY_UISupportedInterfaceOrientations_iPhone = "UIInterfaceOrientationPortrait UIInterfaceOrientationLandscapeLeft UIInterfaceOrientationLandscapeRight";
				LD_RUNPATH_SEARCH_PATHS = (
					"$(inherited)",
					"@executable_path/Frameworks",
				);
				MARKETING_VERSION = 1.0;
				PRODUCT_BUNDLE_IDENTIFIER = "com.Funios-Board";
				PRODUCT_NAME = "$(TARGET_NAME)";
				SWIFT_EMIT_LOC_STRINGS = YES;
				SWIFT_VERSION = 5.0;
				TARGETED_DEVICE_FAMILY = "1,2";
			};
			name = Release;
		};
		BDB5578C288AC387006898EC /* Debug */ = {
			isa = XCBuildConfiguration;
			buildSettings = {
				ALWAYS_EMBED_SWIFT_STANDARD_LIBRARIES = YES;
				BUNDLE_LOADER = "$(TEST_HOST)";
				CODE_SIGN_STYLE = Automatic;
				CURRENT_PROJECT_VERSION = 1;
				GENERATE_INFOPLIST_FILE = YES;
				IPHONEOS_DEPLOYMENT_TARGET = 15.5;
				MARKETING_VERSION = 1.0;
				PRODUCT_BUNDLE_IDENTIFIER = "com.Funios-BoardTests";
				PRODUCT_NAME = "$(TARGET_NAME)";
				SWIFT_EMIT_LOC_STRINGS = NO;
				SWIFT_VERSION = 5.0;
				TARGETED_DEVICE_FAMILY = "1,2";
				TEST_HOST = "$(BUILT_PRODUCTS_DIR)/Funios-Board.app/Funios-Board";
			};
			name = Debug;
		};
		BDB5578D288AC387006898EC /* Release */ = {
			isa = XCBuildConfiguration;
			buildSettings = {
				ALWAYS_EMBED_SWIFT_STANDARD_LIBRARIES = YES;
				BUNDLE_LOADER = "$(TEST_HOST)";
				CODE_SIGN_STYLE = Automatic;
				CURRENT_PROJECT_VERSION = 1;
				GENERATE_INFOPLIST_FILE = YES;
				IPHONEOS_DEPLOYMENT_TARGET = 15.5;
				MARKETING_VERSION = 1.0;
				PRODUCT_BUNDLE_IDENTIFIER = "com.Funios-BoardTests";
				PRODUCT_NAME = "$(TARGET_NAME)";
				SWIFT_EMIT_LOC_STRINGS = NO;
				SWIFT_VERSION = 5.0;
				TARGETED_DEVICE_FAMILY = "1,2";
				TEST_HOST = "$(BUILT_PRODUCTS_DIR)/Funios-Board.app/Funios-Board";
			};
			name = Release;
		};
		BDB5578F288AC387006898EC /* Debug */ = {
			isa = XCBuildConfiguration;
			buildSettings = {
				ALWAYS_EMBED_SWIFT_STANDARD_LIBRARIES = YES;
				CODE_SIGN_STYLE = Automatic;
				CURRENT_PROJECT_VERSION = 1;
				GENERATE_INFOPLIST_FILE = YES;
				MARKETING_VERSION = 1.0;
				PRODUCT_BUNDLE_IDENTIFIER = "com.Funios-BoardUITests";
				PRODUCT_NAME = "$(TARGET_NAME)";
				SWIFT_EMIT_LOC_STRINGS = NO;
				SWIFT_VERSION = 5.0;
				TARGETED_DEVICE_FAMILY = "1,2";
				TEST_TARGET_NAME = "Funios-Board";
			};
			name = Debug;
		};
		BDB55790288AC387006898EC /* Release */ = {
			isa = XCBuildConfiguration;
			buildSettings = {
				ALWAYS_EMBED_SWIFT_STANDARD_LIBRARIES = YES;
				CODE_SIGN_STYLE = Automatic;
				CURRENT_PROJECT_VERSION = 1;
				GENERATE_INFOPLIST_FILE = YES;
				MARKETING_VERSION = 1.0;
				PRODUCT_BUNDLE_IDENTIFIER = "com.Funios-BoardUITests";
				PRODUCT_NAME = "$(TARGET_NAME)";
				SWIFT_EMIT_LOC_STRINGS = NO;
				SWIFT_VERSION = 5.0;
				TARGETED_DEVICE_FAMILY = "1,2";
				TEST_TARGET_NAME = "Funios-Board";
			};
			name = Release;
		};
/* End XCBuildConfiguration section */

/* Begin XCConfigurationList section */
		BDB55759288AC385006898EC /* Build configuration list for PBXProject "Funios-Board" */ = {
			isa = XCConfigurationList;
			buildConfigurations = (
				BDB55786288AC387006898EC /* Debug */,
				BDB55787288AC387006898EC /* Release */,
			);
			defaultConfigurationIsVisible = 0;
			defaultConfigurationName = Release;
		};
		BDB55788288AC387006898EC /* Build configuration list for PBXNativeTarget "Funios-Board" */ = {
			isa = XCConfigurationList;
			buildConfigurations = (
				BDB55789288AC387006898EC /* Debug */,
				BDB5578A288AC387006898EC /* Release */,
			);
			defaultConfigurationIsVisible = 0;
			defaultConfigurationName = Release;
		};
		BDB5578B288AC387006898EC /* Build configuration list for PBXNativeTarget "Funios-BoardTests" */ = {
			isa = XCConfigurationList;
			buildConfigurations = (
				BDB5578C288AC387006898EC /* Debug */,
				BDB5578D288AC387006898EC /* Release */,
			);
			defaultConfigurationIsVisible = 0;
			defaultConfigurationName = Release;
		};
		BDB5578E288AC387006898EC /* Build configuration list for PBXNativeTarget "Funios-BoardUITests" */ = {
			isa = XCConfigurationList;
			buildConfigurations = (
				BDB5578F288AC387006898EC /* Debug */,
				BDB55790288AC387006898EC /* Release */,
			);
			defaultConfigurationIsVisible = 0;
			defaultConfigurationName = Release;
		};
/* End XCConfigurationList section */
	};
	rootObject = BDB55756288AC385006898EC /* Project object */;
}
